PODS:
  - AppAuth (1.7.5):
    - AppAuth/Core (= 1.7.5)
    - AppAuth/ExternalUserAgent (= 1.7.5)
  - AppAuth/Core (1.7.5)
  - AppAuth/ExternalUserAgent (1.7.5):
    - AppAuth/Core
  - Capacitor (6.2.1):
    - CapacitorCordova
  - CapacitorApp (6.0.1):
    - Capacitor
  - CapacitorCommunityAppleSignIn (6.0.0):
    - Capacitor
  - CapacitorCommunitySpeechRecognition (6.0.1):
    - Capacitor
  - CapacitorCordova (6.2.1)
  - CapacitorHaptics (6.0.1):
    - Capacitor
  - CapacitorKeyboard (6.0.2):
    - Capacitor
  - CapacitorStatusBar (6.0.1):
    - Capacitor
  - CodetrixStudioCapacitorGoogleAuth (0.0.1):
    - Capacitor
    - GoogleSignIn (~> 6.2.4)
  - GoogleSignIn (6.2.4):
    - AppAuth (~> 1.5)
    - GTMAppAuth (~> 1.3)
    - GTMSessionFetcher/Core (< 3.0, >= 1.1)
  - GTMAppAuth (1.3.1):
    - AppAuth/Core (~> 1.6)
    - GTMSessionFetcher/Core (< 3.0, >= 1.5)
  - GTMSessionFetcher/Core (2.3.0)
  - JcesarmobileSslSkip (0.4.0):
    - Capacitor

DEPENDENCIES:
  - "Capacitor (from `../../node_modules/.pnpm/@capacitor+ios@6.2.1_@capacitor+core@6.2.1/node_modules/@capacitor/ios`)"
  - "CapacitorApp (from `../../node_modules/.pnpm/@capacitor+app@6.0.1_@capacitor+core@6.2.1/node_modules/@capacitor/app`)"
  - "CapacitorCommunityAppleSignIn (from `../../node_modules/.pnpm/@capacitor-community+apple-sign-in@6.0.0_@capacitor+core@6.2.1/node_modules/@capacitor-community/apple-sign-in`)"
  - "CapacitorCommunitySpeechRecognition (from `../../node_modules/.pnpm/@capacitor-community+speech-recognition@6.0.1_@capacitor+core@6.2.1/node_modules/@capacitor-community/speech-recognition`)"
  - "CapacitorCordova (from `../../node_modules/.pnpm/@capacitor+ios@6.2.1_@capacitor+core@6.2.1/node_modules/@capacitor/ios`)"
  - "CapacitorHaptics (from `../../node_modules/.pnpm/@capacitor+haptics@6.0.1_@capacitor+core@6.2.1/node_modules/@capacitor/haptics`)"
  - "CapacitorKeyboard (from `../../node_modules/.pnpm/@capacitor+keyboard@6.0.2_@capacitor+core@6.2.1/node_modules/@capacitor/keyboard`)"
  - "CapacitorStatusBar (from `../../node_modules/.pnpm/@capacitor+status-bar@6.0.1_@capacitor+core@6.2.1/node_modules/@capacitor/status-bar`)"
  - "CodetrixStudioCapacitorGoogleAuth (from `../../node_modules/.pnpm/@codetrix-studio+capacitor-google-auth@3.4.0-rc.4_@capacitor+core@6.2.1/node_modules/@codetrix-studio/capacitor-google-auth`)"
  - "JcesarmobileSslSkip (from `../../node_modules/.pnpm/@jcesarmobile+ssl-skip@0.4.0/node_modules/@jcesarmobile/ssl-skip`)"

SPEC REPOS:
  trunk:
    - AppAuth
    - GoogleSignIn
    - GTMAppAuth
    - GTMSessionFetcher

EXTERNAL SOURCES:
  Capacitor:
    :path: "../../node_modules/.pnpm/@capacitor+ios@6.2.1_@capacitor+core@6.2.1/node_modules/@capacitor/ios"
  CapacitorApp:
    :path: "../../node_modules/.pnpm/@capacitor+app@6.0.1_@capacitor+core@6.2.1/node_modules/@capacitor/app"
  CapacitorCommunityAppleSignIn:
    :path: "../../node_modules/.pnpm/@capacitor-community+apple-sign-in@6.0.0_@capacitor+core@6.2.1/node_modules/@capacitor-community/apple-sign-in"
  CapacitorCommunitySpeechRecognition:
    :path: "../../node_modules/.pnpm/@capacitor-community+speech-recognition@6.0.1_@capacitor+core@6.2.1/node_modules/@capacitor-community/speech-recognition"
  CapacitorCordova:
    :path: "../../node_modules/.pnpm/@capacitor+ios@6.2.1_@capacitor+core@6.2.1/node_modules/@capacitor/ios"
  CapacitorHaptics:
    :path: "../../node_modules/.pnpm/@capacitor+haptics@6.0.1_@capacitor+core@6.2.1/node_modules/@capacitor/haptics"
  CapacitorKeyboard:
    :path: "../../node_modules/.pnpm/@capacitor+keyboard@6.0.2_@capacitor+core@6.2.1/node_modules/@capacitor/keyboard"
  CapacitorStatusBar:
    :path: "../../node_modules/.pnpm/@capacitor+status-bar@6.0.1_@capacitor+core@6.2.1/node_modules/@capacitor/status-bar"
  CodetrixStudioCapacitorGoogleAuth:
    :path: "../../node_modules/.pnpm/@codetrix-studio+capacitor-google-auth@3.4.0-rc.4_@capacitor+core@6.2.1/node_modules/@codetrix-studio/capacitor-google-auth"
  JcesarmobileSslSkip:
    :path: "../../node_modules/.pnpm/@jcesarmobile+ssl-skip@0.4.0/node_modules/@jcesarmobile/ssl-skip"

SPEC CHECKSUMS:
  AppAuth: 501c04eda8a8d11f179dbe8637b7a91bb7e5d2fa
  Capacitor: c95400d761e376be9da6be5a05f226c0e865cebf
  CapacitorApp: f51c08c64df914fc934239fd1b3fc809d62a02f6
  CapacitorCommunityAppleSignIn: c9c2541ee7580618055a91b3516c3f0313fe2544
  CapacitorCommunitySpeechRecognition: 73be1a178a23856d9706886d5f40ef06a6055438
  CapacitorCordova: 8d93e14982f440181be7304aa9559ca631d77fff
  CapacitorHaptics: 05d33e20e394b1977dfd2a00a2621e04098164c1
  CapacitorKeyboard: 5bf4458dd989b56a60ea15c92cbca5fbfae6e9f9
  CapacitorStatusBar: 9ed7f06318fd436917072a9bf60fda56d12c8bdb
  CodetrixStudioCapacitorGoogleAuth: 9dcfabfb7dd804ad6231a1513bc6e81e620cbec6
  GoogleSignIn: 5651ce3a61e56ca864160e79b484cd9ed3f49b7a
  GTMAppAuth: 0ff230db599948a9ad7470ca667337803b3fc4dd
  GTMSessionFetcher: 3a63d75eecd6aa32c2fc79f578064e1214dfdec2
  JcesarmobileSslSkip: 5fa98636a64c36faa50f32ab4daf34e38f4d45b9

PODFILE CHECKSUM: 0321a380d6a43a94b28445573bb0862a6fecd091

COCOAPODS: 1.16.2
